// !$*UTF8*$!
{
	archiveVersion = 1;
	classes = {
	};
	objectVersion = 46;
	objects = {

/* Begin PBXBuildFile section */
		43FCFEDF1D0737700022EDDA /* main.m in Sources */ = {isa = PBXBuildFile; fileRef = 43FCFEDE1D0737700022EDDA /* main.m */; };
		43FCFEE21D0737700022EDDA /* AppDelegate.m in Sources */ = {isa = PBXBuildFile; fileRef = 43FCFEE11D0737700022EDDA /* AppDelegate.m */; };
		43FCFEE81D0737700022EDDA /* Main.storyboard in Resources */ = {isa = PBXBuildFile; fileRef = 43FCFEE61D0737700022EDDA /* Main.storyboard */; };
		43FCFEEA1D0737700022EDDA /* Assets.xcassets in Resources */ = {isa = PBXBuildFile; fileRef = 43FCFEE91D0737700022EDDA /* Assets.xcassets */; };
		43FCFEED1D0737700022EDDA /* LaunchScreen.storyboard in Resources */ = {isa = PBXBuildFile; fileRef = 43FCFEEB1D0737700022EDDA /* LaunchScreen.storyboard */; };
		43FCFEF61D0738330022EDDA /* ZooAnimalsTVC.m in Sources */ = {isa = PBXBuildFile; fileRef = 43FCFEF51D0738330022EDDA /* ZooAnimalsTVC.m */; };
		43FCFEFA1D07389A0022EDDA /* Animal.m in Sources */ = {isa = PBXBuildFile; fileRef = 43FCFEF91D07389A0022EDDA /* Animal.m */; };
		43FCFEFD1D0738CF0022EDDA /* Zoo.m in Sources */ = {isa = PBXBuildFile; fileRef = 43FCFEFC1D0738CF0022EDDA /* Zoo.m */; };
		43FCFF011D0740D10022EDDA /* AddAnimalVC.m in Sources */ = {isa = PBXBuildFile; fileRef = 43FCFF001D0740D10022EDDA /* AddAnimalVC.m */; };
		43FCFF041D0740F30022EDDA /* AnimalInteractionVC.m in Sources */ = {isa = PBXBuildFile; fileRef = 43FCFF031D0740F30022EDDA /* AnimalInteractionVC.m */; };
		43FCFF071D0750460022EDDA /* .gitignore in Resources */ = {isa = PBXBuildFile; fileRef = 43FCFF061D0750460022EDDA /* .gitignore */; };
/* End PBXBuildFile section */

/* Begin PBXFileReference section */
		43FCFEDA1D0737700022EDDA /* TableViewsAndProtocolsAndSuch.app */ = {isa = PBXFileReference; explicitFileType = wrapper.application; includeInIndex = 0; path = TableViewsAndProtocolsAndSuch.app; sourceTree = BUILT_PRODUCTS_DIR; };
		43FCFEDE1D0737700022EDDA /* main.m */ = {isa = PBXFileReference; lastKnownFileType = sourcecode.c.objc; path = main.m; sourceTree = "<group>"; };
		43FCFEE01D0737700022EDDA /* AppDelegate.h */ = {isa = PBXFileReference; lastKnownFileType = sourcecode.c.h; path = AppDelegate.h; sourceTree = "<group>"; };
		43FCFEE11D0737700022EDDA /* AppDelegate.m */ = {isa = PBXFileReference; lastKnownFileType = sourcecode.c.objc; path = AppDelegate.m; sourceTree = "<group>"; };
		43FCFEE71D0737700022EDDA /* Base */ = {isa = PBXFileReference; lastKnownFileType = file.storyboard; name = Base; path = Base.lproj/Main.storyboard; sourceTree = "<group>"; };
		43FCFEE91D0737700022EDDA /* Assets.xcassets */ = {isa = PBXFileReference; lastKnownFileType = folder.assetcatalog; path = Assets.xcassets; sourceTree = "<group>"; };
		43FCFEEC1D0737700022EDDA /* Base */ = {isa = PBXFileReference; lastKnownFileType = file.storyboard; name = Base; path = Base.lproj/LaunchScreen.storyboard; sourceTree = "<group>"; };
		43FCFEEE1D0737700022EDDA /* Info.plist */ = {isa = PBXFileReference; lastKnownFileType = text.plist.xml; path = Info.plist; sourceTree = "<group>"; };
		43FCFEF41D0738330022EDDA /* ZooAnimalsTVC.h */ = {isa = PBXFileReference; fileEncoding = 4; lastKnownFileType = sourcecode.c.h; path = ZooAnimalsTVC.h; sourceTree = "<group>"; };
		43FCFEF51D0738330022EDDA /* ZooAnimalsTVC.m */ = {isa = PBXFileReference; fileEncoding = 4; lastKnownFileType = sourcecode.c.objc; path = ZooAnimalsTVC.m; sourceTree = "<group>"; };
		43FCFEF81D07389A0022EDDA /* Animal.h */ = {isa = PBXFileReference; fileEncoding = 4; lastKnownFileType = sourcecode.c.h; path = Animal.h; sourceTree = "<group>"; };
		43FCFEF91D07389A0022EDDA /* Animal.m */ = {isa = PBXFileReference; fileEncoding = 4; lastKnownFileType = sourcecode.c.objc; path = Animal.m; sourceTree = "<group>"; };
		43FCFEFB1D0738CF0022EDDA /* Zoo.h */ = {isa = PBXFileReference; fileEncoding = 4; lastKnownFileType = sourcecode.c.h; path = Zoo.h; sourceTree = "<group>"; };
		43FCFEFC1D0738CF0022EDDA /* Zoo.m */ = {isa = PBXFileReference; fileEncoding = 4; lastKnownFileType = sourcecode.c.objc; path = Zoo.m; sourceTree = "<group>"; };
		43FCFEFF1D0740D10022EDDA /* AddAnimalVC.h */ = {isa = PBXFileReference; fileEncoding = 4; lastKnownFileType = sourcecode.c.h; path = AddAnimalVC.h; sourceTree = "<group>"; };
		43FCFF001D0740D10022EDDA /* AddAnimalVC.m */ = {isa = PBXFileReference; fileEncoding = 4; lastKnownFileType = sourcecode.c.objc; path = AddAnimalVC.m; sourceTree = "<group>"; };
		43FCFF021D0740F30022EDDA /* AnimalInteractionVC.h */ = {isa = PBXFileReference; fileEncoding = 4; lastKnownFileType = sourcecode.c.h; path = AnimalInteractionVC.h; sourceTree = "<group>"; };
		43FCFF031D0740F30022EDDA /* AnimalInteractionVC.m */ = {isa = PBXFileReference; fileEncoding = 4; lastKnownFileType = sourcecode.c.objc; path = AnimalInteractionVC.m; sourceTree = "<group>"; };
		43FCFF051D074A150022EDDA /* AnimalActions.h */ = {isa = PBXFileReference; fileEncoding = 4; lastKnownFileType = sourcecode.c.h; path = AnimalActions.h; sourceTree = "<group>"; };
		43FCFF061D0750460022EDDA /* .gitignore */ = {isa = PBXFileReference; fileEncoding = 4; lastKnownFileType = text; name = .gitignore; path = ../.gitignore; sourceTree = "<group>"; };
/* End PBXFileReference section */

/* Begin PBXFrameworksBuildPhase section */
		43FCFED71D0737700022EDDA /* Frameworks */ = {
			isa = PBXFrameworksBuildPhase;
			buildActionMask = 2147483647;
			files = (
			);
			runOnlyForDeploymentPostprocessing = 0;
		};
/* End PBXFrameworksBuildPhase section */

/* Begin PBXGroup section */
		43FCFED11D0737700022EDDA = {
			isa = PBXGroup;
			children = (
				43FCFEDC1D0737700022EDDA /* TableViewsAndProtocolsAndSuch */,
				43FCFEDB1D0737700022EDDA /* Products */,
			);
			sourceTree = "<group>";
		};
		43FCFEDB1D0737700022EDDA /* Products */ = {
			isa = PBXGroup;
			children = (
				43FCFEDA1D0737700022EDDA /* TableViewsAndProtocolsAndSuch.app */,
			);
			name = Products;
			sourceTree = "<group>";
		};
		43FCFEDC1D0737700022EDDA /* TableViewsAndProtocolsAndSuch */ = {
			isa = PBXGroup;
			children = (
				43FCFEE01D0737700022EDDA /* AppDelegate.h */,
				43FCFEE11D0737700022EDDA /* AppDelegate.m */,
				43FCFEFE1D0738DA0022EDDA /* Model */,
				43FCFEF71D0738380022EDDA /* Controllers */,
				43FCFEE61D0737700022EDDA /* Main.storyboard */,
				43FCFEE91D0737700022EDDA /* Assets.xcassets */,
				43FCFEEB1D0737700022EDDA /* LaunchScreen.storyboard */,
				43FCFEEE1D0737700022EDDA /* Info.plist */,
				43FCFF061D0750460022EDDA /* .gitignore */,
				43FCFEDD1D0737700022EDDA /* Supporting Files */,
			);
			path = TableViewsAndProtocolsAndSuch;
			sourceTree = "<group>";
		};
		43FCFEDD1D0737700022EDDA /* Supporting Files */ = {
			isa = PBXGroup;
			children = (
				43FCFEDE1D0737700022EDDA /* main.m */,
			);
			name = "Supporting Files";
			sourceTree = "<group>";
		};
		43FCFEF71D0738380022EDDA /* Controllers */ = {
			isa = PBXGroup;
			children = (
				43FCFEF41D0738330022EDDA /* ZooAnimalsTVC.h */,
				43FCFEF51D0738330022EDDA /* ZooAnimalsTVC.m */,
				43FCFEFF1D0740D10022EDDA /* AddAnimalVC.h */,
				43FCFF001D0740D10022EDDA /* AddAnimalVC.m */,
				43FCFF021D0740F30022EDDA /* AnimalInteractionVC.h */,
				43FCFF031D0740F30022EDDA /* AnimalInteractionVC.m */,
			);
			name = Controllers;
			sourceTree = "<group>";
		};
		43FCFEFE1D0738DA0022EDDA /* Model */ = {
			isa = PBXGroup;
			children = (
				43FCFEF81D07389A0022EDDA /* Animal.h */,
				43FCFEF91D07389A0022EDDA /* Animal.m */,
				43FCFEFB1D0738CF0022EDDA /* Zoo.h */,
				43FCFEFC1D0738CF0022EDDA /* Zoo.m */,
				43FCFF051D074A150022EDDA /* AnimalActions.h */,
			);
			name = Model;
			sourceTree = "<group>";
		};
/* End PBXGroup section */

/* Begin PBXNativeTarget section */
		43FCFED91D0737700022EDDA /* TableViewsAndProtocolsAndSuch */ = {
			isa = PBXNativeTarget;
			buildConfigurationList = 43FCFEF11D0737700022EDDA /* Build configuration list for PBXNativeTarget "TableViewsAndProtocolsAndSuch" */;
			buildPhases = (
				43FCFED61D0737700022EDDA /* Sources */,
				43FCFED71D0737700022EDDA /* Frameworks */,
				43FCFED81D0737700022EDDA /* Resources */,
			);
			buildRules = (
			);
			dependencies = (
			);
			name = TableViewsAndProtocolsAndSuch;
			productName = TableViewsAndProtocolsAndSuch;
			productReference = 43FCFEDA1D0737700022EDDA /* TableViewsAndProtocolsAndSuch.app */;
			productType = "com.apple.product-type.application";
		};
/* End PBXNativeTarget section */

/* Begin PBXProject section */
		43FCFED21D0737700022EDDA /* Project object */ = {
			isa = PBXProject;
			attributes = {
				LastUpgradeCheck = 0730;
				ORGANIZATIONNAME = DetroitLabs;
				TargetAttributes = {
					43FCFED91D0737700022EDDA = {
						CreatedOnToolsVersion = 7.3.1;
					};
				};
			};
			buildConfigurationList = 43FCFED51D0737700022EDDA /* Build configuration list for PBXProject "TableViewsAndProtocolsAndSuch" */;
			compatibilityVersion = "Xcode 3.2";
			developmentRegion = English;
			hasScannedForEncodings = 0;
			knownRegions = (
				en,
				Base,
			);
			mainGroup = 43FCFED11D0737700022EDDA;
			productRefGroup = 43FCFEDB1D0737700022EDDA /* Products */;
			projectDirPath = "";
			projectRoot = "";
			targets = (
				43FCFED91D0737700022EDDA /* TableViewsAndProtocolsAndSuch */,
			);
		};
/* End PBXProject section */

/* Begin PBXResourcesBuildPhase section */
		43FCFED81D0737700022EDDA /* Resources */ = {
			isa = PBXResourcesBuildPhase;
			buildActionMask = 2147483647;
			files = (
				43FCFF071D0750460022EDDA /* .gitignore in Resources */,
				43FCFEED1D0737700022EDDA /* LaunchScreen.storyboard in Resources */,
				43FCFEEA1D0737700022EDDA /* Assets.xcassets in Resources */,
				43FCFEE81D0737700022EDDA /* Main.storyboard in Resources */,
			);
			runOnlyForDeploymentPostprocessing = 0;
		};
/* End PBXResourcesBuildPhase section */

/* Begin PBXSourcesBuildPhase section */
		43FCFED61D0737700022EDDA /* Sources */ = {
			isa = PBXSourcesBuildPhase;
			buildActionMask = 2147483647;
			files = (
				43FCFF041D0740F30022EDDA /* AnimalInteractionVC.m in Sources */,
				43FCFEE21D0737700022EDDA /* AppDelegate.m in Sources */,
				43FCFEFA1D07389A0022EDDA /* Animal.m in Sources */,
				43FCFF011D0740D10022EDDA /* AddAnimalVC.m in Sources */,
				43FCFEF61D0738330022EDDA /* ZooAnimalsTVC.m in Sources */,
				43FCFEDF1D0737700022EDDA /* main.m in Sources */,
				43FCFEFD1D0738CF0022EDDA /* Zoo.m in Sources */,
			);
			runOnlyForDeploymentPostprocessing = 0;
		};
/* End PBXSourcesBuildPhase section */

/* Begin PBXVariantGroup section */
		43FCFEE61D0737700022EDDA /* Main.storyboard */ = {
			isa = PBXVariantGroup;
			children = (
				43FCFEE71D0737700022EDDA /* Base */,
			);
			name = Main.storyboard;
			sourceTree = "<group>";
		};
		43FCFEEB1D0737700022EDDA /* LaunchScreen.storyboard */ = {
			isa = PBXVariantGroup;
			children = (
				43FCFEEC1D0737700022EDDA /* Base */,
			);
			name = LaunchScreen.storyboard;
			sourceTree = "<group>";
		};
/* End PBXVariantGroup section */

/* Begin XCBuildConfiguration section */
		43FCFEEF1D0737700022EDDA /* Debug */ = {
			isa = XCBuildConfiguration;
			buildSettings = {
				ALWAYS_SEARCH_USER_PATHS = NO;
				CLANG_ANALYZER_NONNULL = YES;
				CLANG_CXX_LANGUAGE_STANDARD = "gnu++0x";
				CLANG_CXX_LIBRARY = "libc++";
				CLANG_ENABLE_MODULES = YES;
				CLANG_ENABLE_OBJC_ARC = YES;
				CLANG_WARN_BOOL_CONVERSION = YES;
				CLANG_WARN_CONSTANT_CONVERSION = YES;
				CLANG_WARN_DIRECT_OBJC_ISA_USAGE = YES_ERROR;
				CLANG_WARN_EMPTY_BODY = YES;
				CLANG_WARN_ENUM_CONVERSION = YES;
				CLANG_WARN_INT_CONVERSION = YES;
				CLANG_WARN_OBJC_ROOT_CLASS = YES_ERROR;
				CLANG_WARN_UNREACHABLE_CODE = YES;
				CLANG_WARN__DUPLICATE_METHOD_MATCH = YES;
				"CODE_SIGN_IDENTITY[sdk=iphoneos*]" = "iPhone Developer";
				COPY_PHASE_STRIP = NO;
				DEBUG_INFORMATION_FORMAT = dwarf;
				ENABLE_STRICT_OBJC_MSGSEND = YES;
				ENABLE_TESTABILITY = YES;
				GCC_C_LANGUAGE_STANDARD = gnu99;
				GCC_DYNAMIC_NO_PIC = NO;
				GCC_NO_COMMON_BLOCKS = YES;
				GCC_OPTIMIZATION_LEVEL = 0;
				GCC_PREPROCESSOR_DEFINITIONS = (
					"DEBUG=1",
					"$(inherited)",
				);
				GCC_WARN_64_TO_32_BIT_CONVERSION = YES;
				GCC_WARN_ABOUT_RETURN_TYPE = YES_ERROR;
				GCC_WARN_UNDECLARED_SELECTOR = YES;
				GCC_WARN_UNINITIALIZED_AUTOS = YES_AGGRESSIVE;
				GCC_WARN_UNUSED_FUNCTION = YES;
				GCC_WARN_UNUSED_VARIABLE = YES;
				IPHONEOS_DEPLOYMENT_TARGET = 9.3;
				MTL_ENABLE_DEBUG_INFO = YES;
				ONLY_ACTIVE_ARCH = YES;
				SDKROOT = iphoneos;
			};
			name = Debug;
		};
		43FCFEF01D0737700022EDDA /* Release */ = {
			isa = XCBuildConfiguration;
			buildSettings = {
				ALWAYS_SEARCH_USER_PATHS = NO;
				CLANG_ANALYZER_NONNULL = YES;
				CLANG_CXX_LANGUAGE_STANDARD = "gnu++0x";
				CLANG_CXX_LIBRARY = "libc++";
				CLANG_ENABLE_MODULES = YES;
				CLANG_ENABLE_OBJC_ARC = YES;
				CLANG_WARN_BOOL_CONVERSION = YES;
				CLANG_WARN_CONSTANT_CONVERSION = YES;
				CLANG_WARN_DIRECT_OBJC_ISA_USAGE = YES_ERROR;
				CLANG_WARN_EMPTY_BODY = YES;
				CLANG_WARN_ENUM_CONVERSION = YES;
				CLANG_WARN_INT_CONVERSION = YES;
				CLANG_WARN_OBJC_ROOT_CLASS = YES_ERROR;
				CLANG_WARN_UNREACHABLE_CODE = YES;
				CLANG_WARN__DUPLICATE_METHOD_MATCH = YES;
				"CODE_SIGN_IDENTITY[sdk=iphoneos*]" = "iPhone Developer";
				COPY_PHASE_STRIP = NO;
				DEBUG_INFORMATION_FORMAT = "dwarf-with-dsym";
				ENABLE_NS_ASSERTIONS = NO;
				ENABLE_STRICT_OBJC_MSGSEND = YES;
				GCC_C_LANGUAGE_STANDARD = gnu99;
				GCC_NO_COMMON_BLOCKS = YES;
				GCC_WARN_64_TO_32_BIT_CONVERSION = YES;
				GCC_WARN_ABOUT_RETURN_TYPE = YES_ERROR;
				GCC_WARN_UNDECLARED_SELECTOR = YES;
				GCC_WARN_UNINITIALIZED_AUTOS = YES_AGGRESSIVE;
				GCC_WARN_UNUSED_FUNCTION = YES;
				GCC_WARN_UNUSED_VARIABLE = YES;
				IPHONEOS_DEPLOYMENT_TARGET = 9.3;
				MTL_ENABLE_DEBUG_INFO = NO;
				SDKROOT = iphoneos;
				VALIDATE_PRODUCT = YES;
			};
			name = Release;
		};
		43FCFEF21D0737700022EDDA /* Debug */ = {
			isa = XCBuildConfiguration;
			buildSettings = {
				ASSETCATALOG_COMPILER_APPICON_NAME = AppIcon;
				INFOPLIST_FILE = TableViewsAndProtocolsAndSuch/Info.plist;
				LD_RUNPATH_SEARCH_PATHS = "$(inherited) @executable_path/Frameworks";
				PRODUCT_BUNDLE_IDENTIFIER = detroitlabs.TableViewsAndProtocolsAndSuch;
				PRODUCT_NAME = "$(TARGET_NAME)";
			};
			name = Debug;
		};
		43FCFEF31D0737700022EDDA /* Release */ = {
			isa = XCBuildConfiguration;
			buildSettings = {
				ASSETCATALOG_COMPILER_APPICON_NAME = AppIcon;
				INFOPLIST_FILE = TableViewsAndProtocolsAndSuch/Info.plist;
				LD_RUNPATH_SEARCH_PATHS = "$(inherited) @executable_path/Frameworks";
				PRODUCT_BUNDLE_IDENTIFIER = detroitlabs.TableViewsAndProtocolsAndSuch;
				PRODUCT_NAME = "$(TARGET_NAME)";
			};
			name = Release;
		};
/* End XCBuildConfiguration section */

/* Begin XCConfigurationList section */
		43FCFED51D0737700022EDDA /* Build configuration list for PBXProject "TableViewsAndProtocolsAndSuch" */ = {
			isa = XCConfigurationList;
			buildConfigurations = (
				43FCFEEF1D0737700022EDDA /* Debug */,
				43FCFEF01D0737700022EDDA /* Release */,
			);
			defaultConfigurationIsVisible = 0;
			defaultConfigurationName = Release;
		};
		43FCFEF11D0737700022EDDA /* Build configuration list for PBXNativeTarget "TableViewsAndProtocolsAndSuch" */ = {
			isa = XCConfigurationList;
			buildConfigurations = (
				43FCFEF21D0737700022EDDA /* Debug */,
				43FCFEF31D0737700022EDDA /* Release */,
			);
			defaultConfigurationIsVisible = 0;
		};
/* End XCConfigurationList section */
	};
	rootObject = 43FCFED21D0737700022EDDA /* Project object */;
}
